
Microsoft Visual Studio Solution File, Format Version 12.00
# Visual Studio Version 16
VisualStudioVersion = 16.0.31129.286
MinimumVisualStudioVersion = 10.0.40219.1
Project("{FAE04EC0-301F-11D3-BF4B-00C04F79EFBC}") = "WebApplication1", "WebApplication1\WebApplication1.csproj", "{FB03820E-79B7-48B2-BEC9-EE5DE2103F84}"
EndProject
Global
	GlobalSection(SolutionConfigurationPlatforms) = preSolution
		Debug|Any CPU = Debug|Any CPU
		Release|Any CPU = Release|Any CPU
	EndGlobalSection
	GlobalSection(ProjectConfigurationPlatforms) = postSolution
		{FB03820E-79B7-48B2-BEC9-EE5DE2103F84}.Debug|Any CPU.ActiveCfg = Debug|Any CPU
		{FB03820E-79B7-48B2-BEC9-EE5DE2103F84}.Debug|Any CPU.Build.0 = Debug|Any CPU
		{FB03820E-79B7-48B2-BEC9-EE5DE2103F84}.Release|Any CPU.ActiveCfg = Release|Any CPU
		{FB03820E-79B7-48B2-BEC9-EE5DE2103F84}.Release|Any CPU.Build.0 = Release|Any CPU
	EndGlobalSection
	GlobalSection(SolutionProperties) = preSolution
		HideSolutionNode = FALSE
	EndGlobalSection
	GlobalSection(ExtensibilityGlobals) = postSolution
		SolutionGuid = {AD6C062A-2336-4530-807D-3736D703104E}
	EndGlobalSection
EndGlobal
